#MicroXplorer Configuration settings - do not modify
CAD.formats=[]
CAD.pinconfig=Dual
CAD.provider=
File.Version=6
GPIO.groupedBy=Group By Peripherals
I2C1.ClockSpeed=10000
I2C1.IPParameters=OwnAddress,ClockSpeed
I2C1.OwnAddress=0x1F
I2C2.I2C_Mode=I2C_Standard
I2C2.IPParameters=OwnAddress,I2C_Mode
I2C2.OwnAddress=0
IWDG.IPParameters=Prescaler
IWDG.Prescaler=IWDG_PRESCALER_32
KeepUserPlacement=false
Mcu.CPN=STM32F103R8T6
Mcu.Family=STM32F1
Mcu.IP0=I2C1
Mcu.IP1=I2C2
Mcu.IP10=USART1
Mcu.IP11=USART3
Mcu.IP2=IWDG
Mcu.IP3=NVIC
Mcu.IP4=RCC
Mcu.IP5=RTC
Mcu.IP6=SYS
Mcu.IP7=TIM1
Mcu.IP8=TIM2
Mcu.IP9=TIM3
Mcu.IPNb=12
Mcu.Name=STM32F103R(8-B)Tx
Mcu.Package=LQFP64
Mcu.Pin0=PC13-TAMPER-RTC
Mcu.Pin1=PC14-OSC32_IN
Mcu.Pin10=PA1
Mcu.Pin11=PA2
Mcu.Pin12=PA3
Mcu.Pin13=PA4
Mcu.Pin14=PA5
Mcu.Pin15=PA6
Mcu.Pin16=PA7
Mcu.Pin17=PC4
Mcu.Pin18=PC5
Mcu.Pin19=PB0
Mcu.Pin2=PC15-OSC32_OUT
Mcu.Pin20=PB1
Mcu.Pin21=PB2
Mcu.Pin22=PB10
Mcu.Pin23=PB11
Mcu.Pin24=PB12
Mcu.Pin25=PB13
Mcu.Pin26=PB14
Mcu.Pin27=PB15
Mcu.Pin28=PC6
Mcu.Pin29=PC7
Mcu.Pin3=PD0-OSC_IN
Mcu.Pin30=PC8
Mcu.Pin31=PC9
Mcu.Pin32=PA8
Mcu.Pin33=PA9
Mcu.Pin34=PA10
Mcu.Pin35=PA13
Mcu.Pin36=PA14
Mcu.Pin37=PC10
Mcu.Pin38=PC11
Mcu.Pin39=PC12
Mcu.Pin4=PD1-OSC_OUT
Mcu.Pin40=PB3
Mcu.Pin41=PB4
Mcu.Pin42=PB5
Mcu.Pin43=PB6
Mcu.Pin44=PB7
Mcu.Pin45=PB8
Mcu.Pin46=PB9
Mcu.Pin47=VP_IWDG_VS_IWDG
Mcu.Pin48=VP_RTC_VS_RTC_Activate
Mcu.Pin49=VP_RTC_VS_RTC_Calendar
Mcu.Pin5=PC0
Mcu.Pin50=VP_RTC_No_RTC_Output
Mcu.Pin51=VP_SYS_VS_ND
Mcu.Pin52=VP_SYS_VS_Systick
Mcu.Pin53=VP_TIM1_VS_ClockSourceINT
Mcu.Pin54=VP_TIM2_VS_ClockSourceINT
Mcu.Pin55=VP_TIM3_VS_ClockSourceINT
Mcu.Pin6=PC1
Mcu.Pin7=PC2
Mcu.Pin8=PC3
Mcu.Pin9=PA0-WKUP
Mcu.PinsNb=56
Mcu.ThirdPartyNb=0
Mcu.UserConstants=
Mcu.UserName=STM32F103R8Tx
MxCube.Version=6.14.1
MxDb.Version=DB.6.0.141
NVIC.BusFault_IRQn=true\:0\:0\:false\:false\:true\:false\:false\:false
NVIC.DebugMonitor_IRQn=true\:0\:0\:false\:false\:true\:false\:false\:false
NVIC.EXTI9_5_IRQn=true\:3\:0\:true\:false\:true\:true\:true\:true
NVIC.ForceEnableDMAVector=true
NVIC.HardFault_IRQn=true\:0\:0\:false\:false\:true\:false\:false\:false
NVIC.I2C1_ER_IRQn=true\:2\:0\:true\:false\:true\:true\:true\:true
NVIC.I2C1_EV_IRQn=true\:2\:0\:true\:false\:true\:true\:true\:true
NVIC.MemoryManagement_IRQn=true\:0\:0\:false\:false\:true\:false\:false\:false
NVIC.NonMaskableInt_IRQn=true\:0\:0\:false\:false\:true\:false\:false\:false
NVIC.PendSV_IRQn=true\:0\:0\:false\:false\:true\:false\:false\:false
NVIC.PriorityGroup=NVIC_PRIORITYGROUP_4
NVIC.SVCall_IRQn=true\:0\:0\:false\:false\:true\:false\:false\:false
NVIC.SysTick_IRQn=true\:1\:0\:true\:false\:true\:false\:true\:false
NVIC.TIM2_IRQn=true\:1\:0\:true\:false\:true\:true\:true\:true
NVIC.USART1_IRQn=true\:4\:0\:true\:false\:true\:true\:true\:true
NVIC.USART3_IRQn=true\:3\:0\:true\:false\:true\:true\:true\:true
NVIC.UsageFault_IRQn=true\:0\:0\:false\:false\:true\:false\:false\:false
PA0-WKUP.GPIOParameters=GPIO_PuPd,GPIO_Label
PA0-WKUP.GPIO_Label=ROW_1
PA0-WKUP.GPIO_PuPd=GPIO_PULLUP
PA0-WKUP.Locked=true
PA0-WKUP.Signal=GPIO_Input
PA1.GPIOParameters=GPIO_PuPd,GPIO_Label
PA1.GPIO_Label=ROW_2
PA1.GPIO_PuPd=GPIO_PULLUP
PA1.Locked=true
PA1.Signal=GPIO_Input
PA10.Mode=Asynchronous
PA10.Signal=USART1_RX
PA13.GPIOParameters=GPIO_PuPd,GPIO_Label
PA13.GPIO_Label=PICO_EN
PA13.GPIO_PuPd=GPIO_NOPULL
PA13.Locked=true
PA13.Signal=GPIO_Output
PA14.GPIOParameters=GPIO_PuPd,GPIO_Label
PA14.GPIO_Label=SP_AMP_EN
PA14.GPIO_PuPd=GPIO_NOPULL
PA14.Locked=true
PA14.Signal=GPIO_Output
PA2.GPIOParameters=GPIO_PuPd,GPIO_Label
PA2.GPIO_Label=ROW_3
PA2.GPIO_PuPd=GPIO_PULLUP
PA2.Locked=true
PA2.Signal=GPIO_Input
PA3.GPIOParameters=GPIO_PuPd,GPIO_Label
PA3.GPIO_Label=ROW_4
PA3.GPIO_PuPd=GPIO_PULLUP
PA3.Locked=true
PA3.Signal=GPIO_Input
PA4.GPIOParameters=GPIO_PuPd,GPIO_Label
PA4.GPIO_Label=ROW_5
PA4.GPIO_PuPd=GPIO_PULLUP
PA4.Locked=true
PA4.Signal=GPIO_Input
PA5.GPIOParameters=GPIO_PuPd,GPIO_Label
PA5.GPIO_Label=ROW_6
PA5.GPIO_PuPd=GPIO_PULLUP
PA5.Locked=true
PA5.Signal=GPIO_Input
PA6.GPIOParameters=GPIO_PuPd,GPIO_Label
PA6.GPIO_Label=ROW_7
PA6.GPIO_PuPd=GPIO_PULLUP
PA6.Locked=true
PA6.Signal=GPIO_Input
PA7.GPIOParameters=GPIO_PuPd,GPIO_Label
PA7.GPIO_Label=ROW_8
PA7.GPIO_PuPd=GPIO_PULLUP
PA7.Locked=true
PA7.Signal=GPIO_Input
PA8.GPIOParameters=GPIO_Speed,GPIO_Label
PA8.GPIO_Label=LCD_BL
PA8.GPIO_Speed=GPIO_SPEED_FREQ_HIGH
PA8.Locked=true
PA8.Signal=S_TIM1_CH1
PA9.Mode=Asynchronous
PA9.Signal=USART1_TX
PB0.GPIOParameters=GPIO_PuPd,GPIO_Label
PB0.GPIO_Label=KEY_1
PB0.GPIO_PuPd=GPIO_PULLUP
PB0.Locked=true
PB0.Signal=GPIO_Input
PB1.GPIOParameters=GPIO_PuPd,GPIO_Label
PB1.GPIO_Label=KEY_2
PB1.GPIO_PuPd=GPIO_PULLUP
PB1.Locked=true
PB1.Signal=GPIO_Input
PB10.GPIOParameters=GPIO_Label
PB10.GPIO_Label=PMU_SCL
PB10.Mode=I2C
PB10.Signal=I2C2_SCL
PB11.GPIOParameters=GPIO_Label
PB11.GPIO_Label=PMU_SDA
PB11.Mode=I2C
PB11.Signal=I2C2_SDA
PB12.GPIOParameters=GPIO_PuPd,GPIO_Label
PB12.GPIO_Label=KEY_9
PB12.GPIO_PuPd=GPIO_PULLUP
PB12.Locked=true
PB12.Signal=GPIO_Input
PB13.GPIOParameters=GPIO_PuPd,GPIO_Label
PB13.GPIO_Label=KEY_10
PB13.GPIO_PuPd=GPIO_PULLUP
PB13.Locked=true
PB13.Signal=GPIO_Input
PB14.GPIOParameters=GPIO_PuPd,GPIO_Label
PB14.GPIO_Label=KEY_11
PB14.GPIO_PuPd=GPIO_PULLUP
PB14.Locked=true
PB14.Signal=GPIO_Input
PB15.GPIOParameters=GPIO_PuPd,GPIO_Label
PB15.GPIO_Label=KEY_12
PB15.GPIO_PuPd=GPIO_PULLUP
PB15.Locked=true
PB15.Signal=GPIO_Input
PB2.GPIOParameters=GPIO_PuPd,GPIO_Label
PB2.GPIO_Label=KEY_3
PB2.GPIO_PuPd=GPIO_PULLUP
PB2.Locked=true
PB2.Signal=GPIO_Input
PB3.GPIOParameters=GPIO_PuPd,GPIO_Label
PB3.GPIO_Label=KEY_4
PB3.GPIO_PuPd=GPIO_PULLUP
PB3.Locked=true
PB3.Signal=GPIO_Input
PB4.GPIOParameters=GPIO_PuPd,GPIO_Label
PB4.GPIO_Label=KEY_5
PB4.GPIO_PuPd=GPIO_PULLUP
PB4.Locked=true
PB4.Signal=GPIO_Input
PB5.GPIOParameters=GPIO_PuPd,GPIO_Label
PB5.GPIO_Label=KEY_6
PB5.GPIO_PuPd=GPIO_PULLUP
PB5.Locked=true
PB5.Signal=GPIO_Input
PB6.GPIOParameters=GPIO_PuPd,GPIO_Label
PB6.GPIO_Label=KEY_7
PB6.GPIO_PuPd=GPIO_PULLUP
PB6.Locked=true
PB6.Signal=GPIO_Input
PB7.GPIOParameters=GPIO_PuPd,GPIO_Label
PB7.GPIO_Label=KEY_8
PB7.GPIO_PuPd=GPIO_PULLUP
PB7.Locked=true
PB7.Signal=GPIO_Input
PB8.GPIOParameters=GPIO_Label
PB8.GPIO_Label=PICO_SCL
PB8.Locked=true
PB8.Mode=I2C
PB8.Signal=I2C1_SCL
PB9.GPIOParameters=GPIO_Label
PB9.GPIO_Label=PICO_SDA
PB9.Locked=true
PB9.Mode=I2C
PB9.Signal=I2C1_SDA
PC0.GPIOParameters=GPIO_Speed,PinState,GPIO_PuPd,GPIO_Label,GPIO_ModeDefaultOutputPP
PC0.GPIO_Label=COL_1
PC0.GPIO_ModeDefaultOutputPP=GPIO_MODE_OUTPUT_OD
PC0.GPIO_PuPd=GPIO_NOPULL
PC0.GPIO_Speed=GPIO_SPEED_FREQ_HIGH
PC0.Locked=true
PC0.PinState=GPIO_PIN_SET
PC0.Signal=GPIO_Output
PC1.GPIOParameters=GPIO_Speed,PinState,GPIO_PuPd,GPIO_Label,GPIO_ModeDefaultOutputPP
PC1.GPIO_Label=COL_2
PC1.GPIO_ModeDefaultOutputPP=GPIO_MODE_OUTPUT_OD
PC1.GPIO_PuPd=GPIO_NOPULL
PC1.GPIO_Speed=GPIO_SPEED_FREQ_HIGH
PC1.Locked=true
PC1.PinState=GPIO_PIN_SET
PC1.Signal=GPIO_Output
PC10.GPIOParameters=GPIO_Label
PC10.GPIO_Label=PICO_UART_TX
PC10.Mode=Asynchronous
PC10.Signal=USART3_TX
PC11.GPIOParameters=GPIO_Label
PC11.GPIO_Label=PICO_UART_RX
PC11.Mode=Asynchronous
PC11.Signal=USART3_RX
PC12.GPIOParameters=GPIO_Label
PC12.GPIO_Label=HP_DET
PC12.Locked=true
PC12.Signal=GPIO_Input
PC13-TAMPER-RTC.GPIOParameters=GPIO_Speed,PinState,GPIO_PuPd,GPIO_Label,GPIO_ModeDefaultOutputPP
PC13-TAMPER-RTC.GPIO_Label=SYS_LED
PC13-TAMPER-RTC.GPIO_ModeDefaultOutputPP=GPIO_MODE_OUTPUT_OD
PC13-TAMPER-RTC.GPIO_PuPd=GPIO_NOPULL
PC13-TAMPER-RTC.GPIO_Speed=GPIO_SPEED_FREQ_MEDIUM
PC13-TAMPER-RTC.Locked=true
PC13-TAMPER-RTC.PinState=GPIO_PIN_SET
PC13-TAMPER-RTC.Signal=GPIO_Output
PC14-OSC32_IN.Mode=LSE-External-Oscillator
PC14-OSC32_IN.Signal=RCC_OSC32_IN
PC15-OSC32_OUT.Mode=LSE-External-Oscillator
PC15-OSC32_OUT.Signal=RCC_OSC32_OUT
PC2.GPIOParameters=GPIO_Speed,PinState,GPIO_PuPd,GPIO_Label,GPIO_ModeDefaultOutputPP
PC2.GPIO_Label=COL_3
PC2.GPIO_ModeDefaultOutputPP=GPIO_MODE_OUTPUT_OD
PC2.GPIO_PuPd=GPIO_NOPULL
PC2.GPIO_Speed=GPIO_SPEED_FREQ_HIGH
PC2.Locked=true
PC2.PinState=GPIO_PIN_SET
PC2.Signal=GPIO_Output
PC3.GPIOParameters=GPIO_Speed,PinState,GPIO_PuPd,GPIO_Label,GPIO_ModeDefaultOutputPP
PC3.GPIO_Label=COL_4
PC3.GPIO_ModeDefaultOutputPP=GPIO_MODE_OUTPUT_OD
PC3.GPIO_PuPd=GPIO_NOPULL
PC3.GPIO_Speed=GPIO_SPEED_FREQ_HIGH
PC3.Locked=true
PC3.PinState=GPIO_PIN_SET
PC3.Signal=GPIO_Output
PC4.GPIOParameters=GPIO_Speed,PinState,GPIO_PuPd,GPIO_Label,GPIO_ModeDefaultOutputPP
PC4.GPIO_Label=COL_5
PC4.GPIO_ModeDefaultOutputPP=GPIO_MODE_OUTPUT_OD
PC4.GPIO_PuPd=GPIO_NOPULL
PC4.GPIO_Speed=GPIO_SPEED_FREQ_HIGH
PC4.Locked=true
PC4.PinState=GPIO_PIN_SET
PC4.Signal=GPIO_Output
PC5.GPIOParameters=GPIO_Speed,PinState,GPIO_PuPd,GPIO_Label,GPIO_ModeDefaultOutputPP
PC5.GPIO_Label=COL_6
PC5.GPIO_ModeDefaultOutputPP=GPIO_MODE_OUTPUT_OD
PC5.GPIO_PuPd=GPIO_NOPULL
PC5.GPIO_Speed=GPIO_SPEED_FREQ_HIGH
PC5.Locked=true
PC5.PinState=GPIO_PIN_SET
PC5.Signal=GPIO_Output
PC6.GPIOParameters=GPIO_Speed,PinState,GPIO_PuPd,GPIO_Label,GPIO_ModeDefaultOutputPP
PC6.GPIO_Label=COL_7
PC6.GPIO_ModeDefaultOutputPP=GPIO_MODE_OUTPUT_OD
PC6.GPIO_PuPd=GPIO_NOPULL
PC6.GPIO_Speed=GPIO_SPEED_FREQ_HIGH
PC6.Locked=true
PC6.PinState=GPIO_PIN_SET
PC6.Signal=GPIO_Output
PC7.GPIOParameters=GPIO_Speed,PinState,GPIO_PuPd,GPIO_Label,GPIO_ModeDefaultOutputPP
PC7.GPIO_Label=COL_8
PC7.GPIO_ModeDefaultOutputPP=GPIO_MODE_OUTPUT_OD
PC7.GPIO_PuPd=GPIO_NOPULL
PC7.GPIO_Speed=GPIO_SPEED_FREQ_HIGH
PC7.Locked=true
PC7.PinState=GPIO_PIN_SET
PC7.Signal=GPIO_Output
PC8.GPIOParameters=GPIO_Speed,GPIO_Label
PC8.GPIO_Label=KBD_BL
PC8.GPIO_Speed=GPIO_SPEED_FREQ_HIGH
PC8.Locked=true
PC8.Signal=S_TIM3_CH3
PC9.GPIOParameters=GPIO_Label,GPIO_ModeDefaultEXTI
PC9.GPIO_Label=PMU_IRQ
PC9.GPIO_ModeDefaultEXTI=GPIO_MODE_IT_FALLING
PC9.Locked=true
PC9.Signal=GPXTI9
PCC.Checker=false
PCC.Line=STM32F103
PCC.MCU=STM32F103R(8-B)Tx
PCC.PartNumber=STM32F103R8Tx
PCC.Seq0=2
PCC.Seq0.Step0.Average_Current=3.44 mA
PCC.Seq0.Step0.CPU_Frequency=4 MHz
PCC.Seq0.Step0.Category=In DS Table
PCC.Seq0.Step0.DMIPS=5.0
PCC.Seq0.Step0.Duration=0.1 ms
PCC.Seq0.Step0.Frequency=8 MHz
PCC.Seq0.Step0.Memory=FLASH
PCC.Seq0.Step0.Mode=RUN
PCC.Seq0.Step0.Oscillator=HSE
PCC.Seq0.Step0.Peripherals=APB1-Bridge APB2-Bridge GPIOA GPIOB GPIOC GPIOD I2C1 I2C2 IWDG PVD/BOR PWR RTC TIM1 TIM2 TIM3
PCC.Seq0.Step0.TaMax=104.49
PCC.Seq0.Step0.User's_Consumption=0 mA
PCC.Seq0.Step0.Vcore=No Scale
PCC.Seq0.Step0.Vdd=3.3
PCC.Seq0.Step0.Voltage_Source=Battery
PCC.Seq0.Step1.Average_Current=14.25 \u00B5A
PCC.Seq0.Step1.CPU_Frequency=0 Hz
PCC.Seq0.Step1.Category=In DS Table
PCC.Seq0.Step1.DMIPS=0.0
PCC.Seq0.Step1.Duration=0.9 ms
PCC.Seq0.Step1.Frequency=0 Hz
PCC.Seq0.Step1.Memory=n/a
PCC.Seq0.Step1.Mode=STOP
PCC.Seq0.Step1.Oscillator=Regulator_LP
PCC.Seq0.Step1.Peripherals=IWDG RTC*
PCC.Seq0.Step1.TaMax=105
PCC.Seq0.Step1.User's_Consumption=0 mA
PCC.Seq0.Step1.Vcore=No Scale
PCC.Seq0.Step1.Vdd=3.3
PCC.Seq0.Step1.Voltage_Source=Battery
PCC.Series=STM32F1
PCC.Temperature=25
PCC.Vdd=3.3
PD0-OSC_IN.Mode=HSE-External-Oscillator
PD0-OSC_IN.Signal=RCC_OSC_IN
PD1-OSC_OUT.Mode=HSE-External-Oscillator
PD1-OSC_OUT.Signal=RCC_OSC_OUT
PinOutPanel.RotationAngle=0
ProjectManager.AskForMigrate=true
ProjectManager.BackupPrevious=false
ProjectManager.CompilerLinker=GCC
ProjectManager.CompilerOptimize=6
ProjectManager.ComputerToolchain=false
ProjectManager.CoupleFile=false
ProjectManager.CustomerFirmwarePackage=
ProjectManager.DefaultFWLocation=true
ProjectManager.DeletePrevious=true
ProjectManager.DeviceId=STM32F103R8Tx
ProjectManager.FirmwarePackage=STM32Cube FW_F1 V1.8.6
ProjectManager.FreePins=true
ProjectManager.HalAssertFull=false
ProjectManager.HeapSize=0x200
ProjectManager.KeepUserCode=true
ProjectManager.LastFirmware=true
ProjectManager.LibraryCopy=1
ProjectManager.MainLocation=Core/Src
ProjectManager.NoMain=false
ProjectManager.PreviousToolchain=STM32CubeIDE
ProjectManager.ProjectBuild=false
ProjectManager.ProjectFileName=picocalc_BIOS_jcs.ioc
ProjectManager.ProjectName=picocalc_BIOS_jcs
ProjectManager.ProjectStructure=
ProjectManager.RegisterCallBack=
ProjectManager.StackSize=0x400
ProjectManager.TargetToolchain=STM32CubeIDE
ProjectManager.ToolChainLocation=
ProjectManager.UAScriptAfterPath=
ProjectManager.UAScriptBeforePath=
ProjectManager.UnderRoot=true
ProjectManager.functionlistsort=1-SystemClock_Config-RCC-false-LL-false,2-MX_GPIO_Init-GPIO-false-LL-true,3-MX_I2C1_Init-I2C1-false-HAL-true,4-MX_I2C2_Init-I2C2-false-HAL-true,5-MX_RTC_Init-RTC-false-LL-true,6-MX_USART1_UART_Init-USART1-false-HAL-true,7-MX_USART3_UART_Init-USART3-false-HAL-true,8-MX_IWDG_Init-IWDG-false-LL-true,9-MX_TIM1_Init-TIM1-false-HAL-true,10-MX_TIM3_Init-TIM3-false-HAL-true,11-MX_TIM2_Init-TIM2-false-HAL-true
RCC.ADCFreqValue=2000000
RCC.AHBCLKDivider=RCC_SYSCLK_DIV2
RCC.AHBFreq_Value=4000000
RCC.APB1Freq_Value=4000000
RCC.APB1TimFreq_Value=4000000
RCC.APB2Freq_Value=4000000
RCC.APB2TimFreq_Value=4000000
RCC.FCLKCortexFreq_Value=4000000
RCC.FamilyName=M
RCC.HCLKFreq_Value=4000000
RCC.IPParameters=ADCFreqValue,AHBCLKDivider,AHBFreq_Value,APB1Freq_Value,APB1TimFreq_Value,APB2Freq_Value,APB2TimFreq_Value,FCLKCortexFreq_Value,FamilyName,HCLKFreq_Value,MCOFreq_Value,PLLCLKFreq_Value,PLLMCOFreq_Value,PLLMUL,PLLSourceVirtual,RTCClockSelection,RTCFreq_Value,SYSCLKFreq_VALUE,SYSCLKSource,TimSysFreq_Value,USBFreq_Value,VCOOutput2Freq_Value
RCC.MCOFreq_Value=8000000
RCC.PLLCLKFreq_Value=48000000
RCC.PLLMCOFreq_Value=24000000
RCC.PLLMUL=RCC_PLL_MUL6
RCC.PLLSourceVirtual=RCC_PLLSOURCE_HSE
RCC.RTCClockSelection=RCC_RTCCLKSOURCE_LSE
RCC.RTCFreq_Value=32768
RCC.SYSCLKFreq_VALUE=8000000
RCC.SYSCLKSource=RCC_SYSCLKSOURCE_HSE
RCC.TimSysFreq_Value=4000000
RCC.USBFreq_Value=48000000
RCC.VCOOutput2Freq_Value=8000000
SH.GPXTI9.0=GPIO_EXTI9
SH.GPXTI9.ConfNb=1
SH.S_TIM1_CH1.0=TIM1_CH1,PWM Generation1 CH1
SH.S_TIM1_CH1.ConfNb=1
SH.S_TIM3_CH3.0=TIM3_CH3,PWM Generation3 CH3
SH.S_TIM3_CH3.ConfNb=1
TIM1.AutoReloadPreload=TIM_AUTORELOAD_PRELOAD_ENABLE
TIM1.Channel-PWM\ Generation1\ CH1=TIM_CHANNEL_1
TIM1.IPParameters=Channel-PWM Generation1 CH1,Prescaler,AutoReloadPreload,Pulse-PWM Generation1 CH1,OCMode_PWM-PWM Generation1 CH1,Period
TIM1.OCMode_PWM-PWM\ Generation1\ CH1=TIM_OCMODE_PWM1
TIM1.Period=800
TIM1.Prescaler=0
TIM1.Pulse-PWM\ Generation1\ CH1=0
TIM2.AutoReloadPreload=TIM_AUTORELOAD_PRELOAD_ENABLE
TIM2.ClockDivision=TIM_CLOCKDIVISION_DIV1
TIM2.CounterMode=TIM_COUNTERMODE_UP
TIM2.IPParameters=AutoReloadPreload,CounterMode,Prescaler,ClockDivision,Period
TIM2.Period=1000
TIM2.Prescaler=4-1
TIM3.AutoReloadPreload=TIM_AUTORELOAD_PRELOAD_ENABLE
TIM3.Channel-PWM\ Generation3\ CH3=TIM_CHANNEL_3
TIM3.IPParameters=Channel-PWM Generation3 CH3,Prescaler,AutoReloadPreload,Pulse-PWM Generation3 CH3,OCMode_PWM-PWM Generation3 CH3,Period
TIM3.OCMode_PWM-PWM\ Generation3\ CH3=TIM_OCMODE_PWM1
TIM3.Period=512
TIM3.Prescaler=0
TIM3.Pulse-PWM\ Generation3\ CH3=0
USART1.IPParameters=VirtualMode
USART1.VirtualMode=VM_ASYNC
USART3.IPParameters=VirtualMode
USART3.VirtualMode=VM_ASYNC
VP_IWDG_VS_IWDG.Mode=IWDG_Activate
VP_IWDG_VS_IWDG.Signal=IWDG_VS_IWDG
VP_RTC_No_RTC_Output.Mode=RTC_OUT_NO
VP_RTC_No_RTC_Output.Signal=RTC_No_RTC_Output
VP_RTC_VS_RTC_Activate.Mode=RTC_Enabled
VP_RTC_VS_RTC_Activate.Signal=RTC_VS_RTC_Activate
VP_RTC_VS_RTC_Calendar.Mode=RTC_Calendar
VP_RTC_VS_RTC_Calendar.Signal=RTC_VS_RTC_Calendar
VP_SYS_VS_ND.Mode=No_Debug
VP_SYS_VS_ND.Signal=SYS_VS_ND
VP_SYS_VS_Systick.Mode=SysTick
VP_SYS_VS_Systick.Signal=SYS_VS_Systick
VP_TIM1_VS_ClockSourceINT.Mode=Internal
VP_TIM1_VS_ClockSourceINT.Signal=TIM1_VS_ClockSourceINT
VP_TIM2_VS_ClockSourceINT.Mode=Internal
VP_TIM2_VS_ClockSourceINT.Signal=TIM2_VS_ClockSourceINT
VP_TIM3_VS_ClockSourceINT.Mode=Internal
VP_TIM3_VS_ClockSourceINT.Signal=TIM3_VS_ClockSourceINT
board=custom
